<Solution>
  <Project Path="Demo-003/Demo_003.csproj" />
  <Project Path="Demo-004/Demo_004.csproj" Id="11103eac-bc0b-4979-bacf-695dc61d1031" />
  <Project Path="Demo/Demo_001_002.csproj" />
  <Project Path="Demo_005/Demo_005.csproj" Id="92acd970-7048-4e03-b0af-71c9fd643d67" />
  <Project Path="Demo_006/Demo_006.csproj" Id="4168d17a-4ed1-4509-a668-57e7d93f8ac6" />
  <Project Path="Lab-003/Lab_003.csproj" />
  <Project Path="Lab-004/Lab_004.csproj" Id="caa0c3d3-9825-4c83-9b1b-8113e6f882fe" />
  <Project Path="Lab-02/Lab_002.csproj" />
  <Project Path="Lab_005/Lab_005.csproj" Id="0695488c-6713-4ab1-a9f9-7b0129079b94" />
  <Project Path="Lab_005_gemeinsam/Lab_005_gemeinsam.csproj" Id="6a92ae56-6f5f-41f3-8b0d-556849d8851c" />
  <Project Path="Lab_006/Lab_006.csproj" Id="fd4242c3-8158-4033-929f-aee9fc7de9ec" />
</Solution>
